
Microsoft Visual Studio Solution File, Format Version 12.00
# Visual Studio 15
Project("{FAE04EC0-301F-11D3-BF4B-00C04F79EFBC}") = "Assembly-CSharp", "Assembly-CSharp.csproj", "{B3426E43-67AC-9D16-E41D-AC8010B4FC67}"
EndProject
Project("{FAE04EC0-301F-11D3-BF4B-00C04F79EFBC}") = "Assembly-CSharp-Editor", "Assembly-CSharp-Editor.csproj", "{67FBDB8B-A0CD-EF3E-BA6A-738C7DE63224}"
EndProject
Global
	GlobalSection(SolutionConfigurationPlatforms) = preSolution
		Debug|Any CPU = Debug|Any CPU
		Release|Any CPU = Release|Any CPU
	EndGlobalSection
	GlobalSection(ProjectConfigurationPlatforms) = postSolution
		{B3426E43-67AC-9D16-E41D-AC8010B4FC67}.Debug|Any CPU.ActiveCfg = Debug|Any CPU
		{B3426E43-67AC-9D16-E41D-AC8010B4FC67}.Debug|Any CPU.Build.0 = Debug|Any CPU
		{B3426E43-67AC-9D16-E41D-AC8010B4FC67}.Release|Any CPU.ActiveCfg = Release|Any CPU
		{B3426E43-67AC-9D16-E41D-AC8010B4FC67}.Release|Any CPU.Build.0 = Release|Any CPU
		{67FBDB8B-A0CD-EF3E-BA6A-738C7DE63224}.Debug|Any CPU.ActiveCfg = Debug|Any CPU
		{67FBDB8B-A0CD-EF3E-BA6A-738C7DE63224}.Debug|Any CPU.Build.0 = Debug|Any CPU
		{67FBDB8B-A0CD-EF3E-BA6A-738C7DE63224}.Release|Any CPU.ActiveCfg = Release|Any CPU
		{67FBDB8B-A0CD-EF3E-BA6A-738C7DE63224}.Release|Any CPU.Build.0 = Release|Any CPU
	EndGlobalSection
	GlobalSection(SolutionProperties) = preSolution
		HideSolutionNode = FALSE
	EndGlobalSection
EndGlobal
