
Microsoft Visual Studio Solution File, Format Version 12.00
# Visual Studio 15
Project("{FAE04EC0-301F-11D3-BF4B-00C04F79EFBC}") = "Assembly-CSharp", "Assembly-CSharp.csproj", "{FAC666C5-D062-20F3-0F89-3D93BDAD73C4}"
EndProject
Project("{FAE04EC0-301F-11D3-BF4B-00C04F79EFBC}") = "Assembly-CSharp-Editor", "Assembly-CSharp-Editor.csproj", "{101556FD-2FA3-9A9A-7AC0-5D9834F4D69B}"
EndProject
Global
	GlobalSection(SolutionConfigurationPlatforms) = preSolution
		Debug|Any CPU = Debug|Any CPU
		Release|Any CPU = Release|Any CPU
	EndGlobalSection
	GlobalSection(ProjectConfigurationPlatforms) = postSolution
		{FAC666C5-D062-20F3-0F89-3D93BDAD73C4}.Debug|Any CPU.ActiveCfg = Debug|Any CPU
		{FAC666C5-D062-20F3-0F89-3D93BDAD73C4}.Debug|Any CPU.Build.0 = Debug|Any CPU
		{FAC666C5-D062-20F3-0F89-3D93BDAD73C4}.Release|Any CPU.ActiveCfg = Release|Any CPU
		{FAC666C5-D062-20F3-0F89-3D93BDAD73C4}.Release|Any CPU.Build.0 = Release|Any CPU
		{101556FD-2FA3-9A9A-7AC0-5D9834F4D69B}.Debug|Any CPU.ActiveCfg = Debug|Any CPU
		{101556FD-2FA3-9A9A-7AC0-5D9834F4D69B}.Debug|Any CPU.Build.0 = Debug|Any CPU
		{101556FD-2FA3-9A9A-7AC0-5D9834F4D69B}.Release|Any CPU.ActiveCfg = Release|Any CPU
		{101556FD-2FA3-9A9A-7AC0-5D9834F4D69B}.Release|Any CPU.Build.0 = Release|Any CPU
	EndGlobalSection
	GlobalSection(SolutionProperties) = preSolution
		HideSolutionNode = FALSE
	EndGlobalSection
EndGlobal
